// !$*UTF8*$!
{
	archiveVersion = 1;
	classes = {
	};
	objectVersion = 50;
	objects = {

/* Begin PBXBuildFile section */
		D11BB6682450F7A5001BDB9F /* ListViewController.swift in Sources */ = {isa = PBXBuildFile; fileRef = D11BB6672450F7A5001BDB9F /* ListViewController.swift */; };
		D11BB66A2450FC94001BDB9F /* MapViewController.swift in Sources */ = {isa = PBXBuildFile; fileRef = D11BB6692450FC94001BDB9F /* MapViewController.swift */; };
		D11BB66D24510A66001BDB9F /* UIViewController+Ext.swift in Sources */ = {isa = PBXBuildFile; fileRef = D11BB66C24510A66001BDB9F /* UIViewController+Ext.swift */; };
		D11BB67024510E6A001BDB9F /* DataLoadingViewController.swift in Sources */ = {isa = PBXBuildFile; fileRef = D11BB66F24510E6A001BDB9F /* DataLoadingViewController.swift */; };
		D11BB67324512840001BDB9F /* OTMError.swift in Sources */ = {isa = PBXBuildFile; fileRef = D11BB67224512840001BDB9F /* OTMError.swift */; };
		D11BB67724512C33001BDB9F /* UITableView+Ext.swift in Sources */ = {isa = PBXBuildFile; fileRef = D11BB67624512C33001BDB9F /* UITableView+Ext.swift */; };
		D14E05FA244E351A00413825 /* AppDelegate.swift in Sources */ = {isa = PBXBuildFile; fileRef = D14E05F9244E351A00413825 /* AppDelegate.swift */; };
		D14E05FC244E351A00413825 /* SceneDelegate.swift in Sources */ = {isa = PBXBuildFile; fileRef = D14E05FB244E351A00413825 /* SceneDelegate.swift */; };
		D14E05FE244E351A00413825 /* LoginViewController.swift in Sources */ = {isa = PBXBuildFile; fileRef = D14E05FD244E351A00413825 /* LoginViewController.swift */; };
		D14E0601244E351A00413825 /* Main.storyboard in Resources */ = {isa = PBXBuildFile; fileRef = D14E05FF244E351A00413825 /* Main.storyboard */; };
		D14E0603244E351C00413825 /* Assets.xcassets in Resources */ = {isa = PBXBuildFile; fileRef = D14E0602244E351C00413825 /* Assets.xcassets */; };
		D14E0606244E351C00413825 /* LaunchScreen.storyboard in Resources */ = {isa = PBXBuildFile; fileRef = D14E0604244E351C00413825 /* LaunchScreen.storyboard */; };
		D14E060F244E370400413825 /* StudentInformation.swift in Sources */ = {isa = PBXBuildFile; fileRef = D14E060E244E370400413825 /* StudentInformation.swift */; };
		D14E0630244E8C4E00413825 /* NetworkManager.swift in Sources */ = {isa = PBXBuildFile; fileRef = D14E062F244E8C4E00413825 /* NetworkManager.swift */; };
		D14E0632244E913700413825 /* LoginRequest.swift in Sources */ = {isa = PBXBuildFile; fileRef = D14E0631244E913700413825 /* LoginRequest.swift */; };
		D155093E2452307500F6D68F /* ListTableViewCell.swift in Sources */ = {isa = PBXBuildFile; fileRef = D155093D2452307500F6D68F /* ListTableViewCell.swift */; };
		D1BA76FC244F1A1A00EF6615 /* LoginResponse.swift in Sources */ = {isa = PBXBuildFile; fileRef = D1BA76FB244F1A1A00EF6615 /* LoginResponse.swift */; };
		D1BA76FE244F467B00EF6615 /* ResultsViewController.swift in Sources */ = {isa = PBXBuildFile; fileRef = D1BA76FD244F467B00EF6615 /* ResultsViewController.swift */; };
/* End PBXBuildFile section */

/* Begin PBXCopyFilesBuildPhase section */
		D14E0621244E39F200413825 /* Embed Frameworks */ = {
			isa = PBXCopyFilesBuildPhase;
			buildActionMask = 2147483647;
			dstPath = "";
			dstSubfolderSpec = 10;
			files = (
			);
			name = "Embed Frameworks";
			runOnlyForDeploymentPostprocessing = 0;
		};
/* End PBXCopyFilesBuildPhase section */

/* Begin PBXFileReference section */
		D11BB6672450F7A5001BDB9F /* ListViewController.swift */ = {isa = PBXFileReference; lastKnownFileType = sourcecode.swift; path = ListViewController.swift; sourceTree = "<group>"; };
		D11BB6692450FC94001BDB9F /* MapViewController.swift */ = {isa = PBXFileReference; lastKnownFileType = sourcecode.swift; path = MapViewController.swift; sourceTree = "<group>"; };
		D11BB66C24510A66001BDB9F /* UIViewController+Ext.swift */ = {isa = PBXFileReference; fileEncoding = 4; lastKnownFileType = sourcecode.swift; path = "UIViewController+Ext.swift"; sourceTree = "<group>"; };
		D11BB66F24510E6A001BDB9F /* DataLoadingViewController.swift */ = {isa = PBXFileReference; fileEncoding = 4; lastKnownFileType = sourcecode.swift; path = DataLoadingViewController.swift; sourceTree = "<group>"; };
		D11BB67224512840001BDB9F /* OTMError.swift */ = {isa = PBXFileReference; fileEncoding = 4; lastKnownFileType = sourcecode.swift; path = OTMError.swift; sourceTree = "<group>"; };
		D11BB67624512C33001BDB9F /* UITableView+Ext.swift */ = {isa = PBXFileReference; fileEncoding = 4; lastKnownFileType = sourcecode.swift; path = "UITableView+Ext.swift"; sourceTree = "<group>"; };
		D14E05F6244E351A00413825 /* OnTheMap.app */ = {isa = PBXFileReference; explicitFileType = wrapper.application; includeInIndex = 0; path = OnTheMap.app; sourceTree = BUILT_PRODUCTS_DIR; };
		D14E05F9244E351A00413825 /* AppDelegate.swift */ = {isa = PBXFileReference; lastKnownFileType = sourcecode.swift; path = AppDelegate.swift; sourceTree = "<group>"; };
		D14E05FB244E351A00413825 /* SceneDelegate.swift */ = {isa = PBXFileReference; lastKnownFileType = sourcecode.swift; path = SceneDelegate.swift; sourceTree = "<group>"; };
		D14E05FD244E351A00413825 /* LoginViewController.swift */ = {isa = PBXFileReference; lastKnownFileType = sourcecode.swift; path = LoginViewController.swift; sourceTree = "<group>"; };
		D14E0600244E351A00413825 /* Base */ = {isa = PBXFileReference; lastKnownFileType = file.storyboard; name = Base; path = Base.lproj/Main.storyboard; sourceTree = "<group>"; };
		D14E0602244E351C00413825 /* Assets.xcassets */ = {isa = PBXFileReference; lastKnownFileType = folder.assetcatalog; path = Assets.xcassets; sourceTree = "<group>"; };
		D14E0605244E351C00413825 /* Base */ = {isa = PBXFileReference; lastKnownFileType = file.storyboard; name = Base; path = Base.lproj/LaunchScreen.storyboard; sourceTree = "<group>"; };
		D14E0607244E351C00413825 /* Info.plist */ = {isa = PBXFileReference; lastKnownFileType = text.plist.xml; path = Info.plist; sourceTree = "<group>"; };
		D14E060E244E370400413825 /* StudentInformation.swift */ = {isa = PBXFileReference; fileEncoding = 4; lastKnownFileType = sourcecode.swift; path = StudentInformation.swift; sourceTree = "<group>"; };
		D14E0617244E39F200413825 /* ModelForPlayGround.h */ = {isa = PBXFileReference; lastKnownFileType = sourcecode.c.h; path = ModelForPlayGround.h; sourceTree = "<group>"; };
		D14E0618244E39F200413825 /* Info.plist */ = {isa = PBXFileReference; lastKnownFileType = text.plist.xml; path = Info.plist; sourceTree = "<group>"; };
		D14E062F244E8C4E00413825 /* NetworkManager.swift */ = {isa = PBXFileReference; lastKnownFileType = sourcecode.swift; path = NetworkManager.swift; sourceTree = "<group>"; };
		D14E0631244E913700413825 /* LoginRequest.swift */ = {isa = PBXFileReference; fileEncoding = 4; lastKnownFileType = sourcecode.swift; path = LoginRequest.swift; sourceTree = "<group>"; };
		D155093D2452307500F6D68F /* ListTableViewCell.swift */ = {isa = PBXFileReference; lastKnownFileType = sourcecode.swift; path = ListTableViewCell.swift; sourceTree = "<group>"; };
		D1BA76FB244F1A1A00EF6615 /* LoginResponse.swift */ = {isa = PBXFileReference; lastKnownFileType = sourcecode.swift; path = LoginResponse.swift; sourceTree = "<group>"; };
		D1BA76FD244F467B00EF6615 /* ResultsViewController.swift */ = {isa = PBXFileReference; lastKnownFileType = sourcecode.swift; path = ResultsViewController.swift; sourceTree = "<group>"; };
/* End PBXFileReference section */

/* Begin PBXFrameworksBuildPhase section */
		D14E05F3244E351A00413825 /* Frameworks */ = {
			isa = PBXFrameworksBuildPhase;
			buildActionMask = 2147483647;
			files = (
			);
			runOnlyForDeploymentPostprocessing = 0;
		};
/* End PBXFrameworksBuildPhase section */

/* Begin PBXGroup section */
		D11BB66B24510A4D001BDB9F /* Extension */ = {
			isa = PBXGroup;
			children = (
				D11BB66C24510A66001BDB9F /* UIViewController+Ext.swift */,
				D11BB67624512C33001BDB9F /* UITableView+Ext.swift */,
			);
			path = Extension;
			sourceTree = "<group>";
		};
		D11BB66E24510E18001BDB9F /* Custom Views */ = {
			isa = PBXGroup;
			children = (
				D11BB66F24510E6A001BDB9F /* DataLoadingViewController.swift */,
			);
			path = "Custom Views";
			sourceTree = "<group>";
		};
		D11BB67124512836001BDB9F /* Utilities */ = {
			isa = PBXGroup;
			children = (
				D11BB67224512840001BDB9F /* OTMError.swift */,
			);
			path = Utilities;
			sourceTree = "<group>";
		};
		D11BB67424512901001BDB9F /* Managers */ = {
			isa = PBXGroup;
			children = (
				D14E062F244E8C4E00413825 /* NetworkManager.swift */,
				D14E0631244E913700413825 /* LoginRequest.swift */,
				D1BA76FB244F1A1A00EF6615 /* LoginResponse.swift */,
			);
			path = Managers;
			sourceTree = "<group>";
		};
		D11BB6752451291E001BDB9F /* Screens */ = {
			isa = PBXGroup;
			children = (
				D11BB6692450FC94001BDB9F /* MapViewController.swift */,
				D11BB6672450F7A5001BDB9F /* ListViewController.swift */,
				D14E05FD244E351A00413825 /* LoginViewController.swift */,
			);
			path = Screens;
			sourceTree = "<group>";
		};
		D14E05ED244E351A00413825 = {
			isa = PBXGroup;
			children = (
				D14E05F8244E351A00413825 /* OnTheMap */,
				D14E0616244E39F200413825 /* ModelForPlayGround */,
				D14E05F7244E351A00413825 /* Products */,
			);
			sourceTree = "<group>";
		};
		D14E05F7244E351A00413825 /* Products */ = {
			isa = PBXGroup;
			children = (
				D14E05F6244E351A00413825 /* OnTheMap.app */,
			);
			name = Products;
			sourceTree = "<group>";
		};
		D14E05F8244E351A00413825 /* OnTheMap */ = {
			isa = PBXGroup;
			children = (
				D11BB67124512836001BDB9F /* Utilities */,
				D11BB66E24510E18001BDB9F /* Custom Views */,
				D155093C2452302300F6D68F /* Cell */,
				D11BB66B24510A4D001BDB9F /* Extension */,
				D11BB67424512901001BDB9F /* Managers */,
				D14E060D244E36EA00413825 /* Model */,
				D11BB6752451291E001BDB9F /* Screens */,
				D14E05F9244E351A00413825 /* AppDelegate.swift */,
				D14E05FB244E351A00413825 /* SceneDelegate.swift */,
				D14E05FF244E351A00413825 /* Main.storyboard */,
				D14E0602244E351C00413825 /* Assets.xcassets */,
				D14E0604244E351C00413825 /* LaunchScreen.storyboard */,
				D14E0607244E351C00413825 /* Info.plist */,
				D1BA76FD244F467B00EF6615 /* ResultsViewController.swift */,
			);
			path = OnTheMap;
			sourceTree = "<group>";
		};
		D14E060D244E36EA00413825 /* Model */ = {
			isa = PBXGroup;
			children = (
				D14E060E244E370400413825 /* StudentInformation.swift */,
			);
			path = Model;
			sourceTree = "<group>";
		};
		D14E0616244E39F200413825 /* ModelForPlayGround */ = {
			isa = PBXGroup;
			children = (
				D14E0617244E39F200413825 /* ModelForPlayGround.h */,
				D14E0618244E39F200413825 /* Info.plist */,
			);
			path = ModelForPlayGround;
			sourceTree = "<group>";
		};
		D155093C2452302300F6D68F /* Cell */ = {
			isa = PBXGroup;
			children = (
				D155093D2452307500F6D68F /* ListTableViewCell.swift */,
			);
			path = Cell;
			sourceTree = "<group>";
		};
/* End PBXGroup section */

/* Begin PBXNativeTarget section */
		D14E05F5244E351A00413825 /* OnTheMap */ = {
			isa = PBXNativeTarget;
			buildConfigurationList = D14E060A244E351C00413825 /* Build configuration list for PBXNativeTarget "OnTheMap" */;
			buildPhases = (
				D14E05F2244E351A00413825 /* Sources */,
				D14E05F3244E351A00413825 /* Frameworks */,
				D14E05F4244E351A00413825 /* Resources */,
				D14E0621244E39F200413825 /* Embed Frameworks */,
			);
			buildRules = (
			);
			dependencies = (
			);
			name = OnTheMap;
			productName = OnTheMap;
			productReference = D14E05F6244E351A00413825 /* OnTheMap.app */;
			productType = "com.apple.product-type.application";
		};
/* End PBXNativeTarget section */

/* Begin PBXProject section */
		D14E05EE244E351A00413825 /* Project object */ = {
			isa = PBXProject;
			attributes = {
				LastSwiftUpdateCheck = 1120;
				LastUpgradeCheck = 1120;
				ORGANIZATIONNAME = "LALIT JAGTAP";
				TargetAttributes = {
					D14E05F5244E351A00413825 = {
						CreatedOnToolsVersion = 11.2.1;
					};
				};
			};
			buildConfigurationList = D14E05F1244E351A00413825 /* Build configuration list for PBXProject "OnTheMap" */;
			compatibilityVersion = "Xcode 9.3";
			developmentRegion = en;
			hasScannedForEncodings = 0;
			knownRegions = (
				en,
				Base,
			);
			mainGroup = D14E05ED244E351A00413825;
			productRefGroup = D14E05F7244E351A00413825 /* Products */;
			projectDirPath = "";
			projectRoot = "";
			targets = (
				D14E05F5244E351A00413825 /* OnTheMap */,
			);
		};
/* End PBXProject section */

/* Begin PBXResourcesBuildPhase section */
		D14E05F4244E351A00413825 /* Resources */ = {
			isa = PBXResourcesBuildPhase;
			buildActionMask = 2147483647;
			files = (
				D14E0606244E351C00413825 /* LaunchScreen.storyboard in Resources */,
				D14E0603244E351C00413825 /* Assets.xcassets in Resources */,
				D14E0601244E351A00413825 /* Main.storyboard in Resources */,
			);
			runOnlyForDeploymentPostprocessing = 0;
		};
/* End PBXResourcesBuildPhase section */

/* Begin PBXSourcesBuildPhase section */
		D14E05F2244E351A00413825 /* Sources */ = {
			isa = PBXSourcesBuildPhase;
			buildActionMask = 2147483647;
			files = (
				D14E060F244E370400413825 /* StudentInformation.swift in Sources */,
				D14E05FE244E351A00413825 /* LoginViewController.swift in Sources */,
				D14E0630244E8C4E00413825 /* NetworkManager.swift in Sources */,
				D11BB67324512840001BDB9F /* OTMError.swift in Sources */,
				D11BB66D24510A66001BDB9F /* UIViewController+Ext.swift in Sources */,
				D11BB66A2450FC94001BDB9F /* MapViewController.swift in Sources */,
				D14E0632244E913700413825 /* LoginRequest.swift in Sources */,
				D14E05FA244E351A00413825 /* AppDelegate.swift in Sources */,
				D11BB6682450F7A5001BDB9F /* ListViewController.swift in Sources */,
				D11BB67024510E6A001BDB9F /* DataLoadingViewController.swift in Sources */,
				D14E05FC244E351A00413825 /* SceneDelegate.swift in Sources */,
				D11BB67724512C33001BDB9F /* UITableView+Ext.swift in Sources */,
				D1BA76FC244F1A1A00EF6615 /* LoginResponse.swift in Sources */,
				D1BA76FE244F467B00EF6615 /* ResultsViewController.swift in Sources */,
				D155093E2452307500F6D68F /* ListTableViewCell.swift in Sources */,
			);
			runOnlyForDeploymentPostprocessing = 0;
		};
/* End PBXSourcesBuildPhase section */

/* Begin PBXVariantGroup section */
		D14E05FF244E351A00413825 /* Main.storyboard */ = {
			isa = PBXVariantGroup;
			children = (
				D14E0600244E351A00413825 /* Base */,
			);
			name = Main.storyboard;
			sourceTree = "<group>";
		};
		D14E0604244E351C00413825 /* LaunchScreen.storyboard */ = {
			isa = PBXVariantGroup;
			children = (
				D14E0605244E351C00413825 /* Base */,
			);
			name = LaunchScreen.storyboard;
			sourceTree = "<group>";
		};
/* End PBXVariantGroup section */

/* Begin XCBuildConfiguration section */
		D14E0608244E351C00413825 /* Debug */ = {
			isa = XCBuildConfiguration;
			buildSettings = {
				ALWAYS_SEARCH_USER_PATHS = NO;
				CLANG_ANALYZER_NONNULL = YES;
				CLANG_ANALYZER_NUMBER_OBJECT_CONVERSION = YES_AGGRESSIVE;
				CLANG_CXX_LANGUAGE_STANDARD = "gnu++14";
				CLANG_CXX_LIBRARY = "libc++";
				CLANG_ENABLE_MODULES = YES;
				CLANG_ENABLE_OBJC_ARC = YES;
				CLANG_ENABLE_OBJC_WEAK = YES;
				CLANG_WARN_BLOCK_CAPTURE_AUTORELEASING = YES;
				CLANG_WARN_BOOL_CONVERSION = YES;
				CLANG_WARN_COMMA = YES;
				CLANG_WARN_CONSTANT_CONVERSION = YES;
				CLANG_WARN_DEPRECATED_OBJC_IMPLEMENTATIONS = YES;
				CLANG_WARN_DIRECT_OBJC_ISA_USAGE = YES_ERROR;
				CLANG_WARN_DOCUMENTATION_COMMENTS = YES;
				CLANG_WARN_EMPTY_BODY = YES;
				CLANG_WARN_ENUM_CONVERSION = YES;
				CLANG_WARN_INFINITE_RECURSION = YES;
				CLANG_WARN_INT_CONVERSION = YES;
				CLANG_WARN_NON_LITERAL_NULL_CONVERSION = YES;
				CLANG_WARN_OBJC_IMPLICIT_RETAIN_SELF = YES;
				CLANG_WARN_OBJC_LITERAL_CONVERSION = YES;
				CLANG_WARN_OBJC_ROOT_CLASS = YES_ERROR;
				CLANG_WARN_RANGE_LOOP_ANALYSIS = YES;
				CLANG_WARN_STRICT_PROTOTYPES = YES;
				CLANG_WARN_SUSPICIOUS_MOVE = YES;
				CLANG_WARN_UNGUARDED_AVAILABILITY = YES_AGGRESSIVE;
				CLANG_WARN_UNREACHABLE_CODE = YES;
				CLANG_WARN__DUPLICATE_METHOD_MATCH = YES;
				COPY_PHASE_STRIP = NO;
				DEBUG_INFORMATION_FORMAT = dwarf;
				ENABLE_STRICT_OBJC_MSGSEND = YES;
				ENABLE_TESTABILITY = YES;
				GCC_C_LANGUAGE_STANDARD = gnu11;
				GCC_DYNAMIC_NO_PIC = NO;
				GCC_NO_COMMON_BLOCKS = YES;
				GCC_OPTIMIZATION_LEVEL = 0;
				GCC_PREPROCESSOR_DEFINITIONS = (
					"DEBUG=1",
					"$(inherited)",
				);
				GCC_WARN_64_TO_32_BIT_CONVERSION = YES;
				GCC_WARN_ABOUT_RETURN_TYPE = YES_ERROR;
				GCC_WARN_UNDECLARED_SELECTOR = YES;
				GCC_WARN_UNINITIALIZED_AUTOS = YES_AGGRESSIVE;
				GCC_WARN_UNUSED_FUNCTION = YES;
				GCC_WARN_UNUSED_VARIABLE = YES;
				IPHONEOS_DEPLOYMENT_TARGET = 13.2;
				MTL_ENABLE_DEBUG_INFO = INCLUDE_SOURCE;
				MTL_FAST_MATH = YES;
				ONLY_ACTIVE_ARCH = YES;
				SDKROOT = iphoneos;
				SWIFT_ACTIVE_COMPILATION_CONDITIONS = DEBUG;
				SWIFT_OPTIMIZATION_LEVEL = "-Onone";
			};
			name = Debug;
		};
		D14E0609244E351C00413825 /* Release */ = {
			isa = XCBuildConfiguration;
			buildSettings = {
				ALWAYS_SEARCH_USER_PATHS = NO;
				CLANG_ANALYZER_NONNULL = YES;
				CLANG_ANALYZER_NUMBER_OBJECT_CONVERSION = YES_AGGRESSIVE;
				CLANG_CXX_LANGUAGE_STANDARD = "gnu++14";
				CLANG_CXX_LIBRARY = "libc++";
				CLANG_ENABLE_MODULES = YES;
				CLANG_ENABLE_OBJC_ARC = YES;
				CLANG_ENABLE_OBJC_WEAK = YES;
				CLANG_WARN_BLOCK_CAPTURE_AUTORELEASING = YES;
				CLANG_WARN_BOOL_CONVERSION = YES;
				CLANG_WARN_COMMA = YES;
				CLANG_WARN_CONSTANT_CONVERSION = YES;
				CLANG_WARN_DEPRECATED_OBJC_IMPLEMENTATIONS = YES;
				CLANG_WARN_DIRECT_OBJC_ISA_USAGE = YES_ERROR;
				CLANG_WARN_DOCUMENTATION_COMMENTS = YES;
				CLANG_WARN_EMPTY_BODY = YES;
				CLANG_WARN_ENUM_CONVERSION = YES;
				CLANG_WARN_INFINITE_RECURSION = YES;
				CLANG_WARN_INT_CONVERSION = YES;
				CLANG_WARN_NON_LITERAL_NULL_CONVERSION = YES;
				CLANG_WARN_OBJC_IMPLICIT_RETAIN_SELF = YES;
				CLANG_WARN_OBJC_LITERAL_CONVERSION = YES;
				CLANG_WARN_OBJC_ROOT_CLASS = YES_ERROR;
				CLANG_WARN_RANGE_LOOP_ANALYSIS = YES;
				CLANG_WARN_STRICT_PROTOTYPES = YES;
				CLANG_WARN_SUSPICIOUS_MOVE = YES;
				CLANG_WARN_UNGUARDED_AVAILABILITY = YES_AGGRESSIVE;
				CLANG_WARN_UNREACHABLE_CODE = YES;
				CLANG_WARN__DUPLICATE_METHOD_MATCH = YES;
				COPY_PHASE_STRIP = NO;
				DEBUG_INFORMATION_FORMAT = "dwarf-with-dsym";
				ENABLE_NS_ASSERTIONS = NO;
				ENABLE_STRICT_OBJC_MSGSEND = YES;
				GCC_C_LANGUAGE_STANDARD = gnu11;
				GCC_NO_COMMON_BLOCKS = YES;
				GCC_WARN_64_TO_32_BIT_CONVERSION = YES;
				GCC_WARN_ABOUT_RETURN_TYPE = YES_ERROR;
				GCC_WARN_UNDECLARED_SELECTOR = YES;
				GCC_WARN_UNINITIALIZED_AUTOS = YES_AGGRESSIVE;
				GCC_WARN_UNUSED_FUNCTION = YES;
				GCC_WARN_UNUSED_VARIABLE = YES;
				IPHONEOS_DEPLOYMENT_TARGET = 13.2;
				MTL_ENABLE_DEBUG_INFO = NO;
				MTL_FAST_MATH = YES;
				SDKROOT = iphoneos;
				SWIFT_COMPILATION_MODE = wholemodule;
				SWIFT_OPTIMIZATION_LEVEL = "-O";
				VALIDATE_PRODUCT = YES;
			};
			name = Release;
		};
		D14E060B244E351C00413825 /* Debug */ = {
			isa = XCBuildConfiguration;
			buildSettings = {
				ALWAYS_EMBED_SWIFT_STANDARD_LIBRARIES = YES;
				ASSETCATALOG_COMPILER_APPICON_NAME = AppIcon;
				CODE_SIGN_STYLE = Automatic;
				DEVELOPMENT_TEAM = E2T7T7WYNN;
				INFOPLIST_FILE = OnTheMap/Info.plist;
				LD_RUNPATH_SEARCH_PATHS = (
					"$(inherited)",
					"@executable_path/Frameworks",
				);
				PRODUCT_BUNDLE_IDENTIFIER = com.jagtap.lalit.OnTheMap;
				PRODUCT_NAME = "$(TARGET_NAME)";
				SWIFT_VERSION = 5.0;
				TARGETED_DEVICE_FAMILY = "1,2";
			};
			name = Debug;
		};
		D14E060C244E351C00413825 /* Release */ = {
			isa = XCBuildConfiguration;
			buildSettings = {
				ALWAYS_EMBED_SWIFT_STANDARD_LIBRARIES = YES;
				ASSETCATALOG_COMPILER_APPICON_NAME = AppIcon;
				CODE_SIGN_STYLE = Automatic;
				DEVELOPMENT_TEAM = E2T7T7WYNN;
				INFOPLIST_FILE = OnTheMap/Info.plist;
				LD_RUNPATH_SEARCH_PATHS = (
					"$(inherited)",
					"@executable_path/Frameworks",
				);
				PRODUCT_BUNDLE_IDENTIFIER = com.jagtap.lalit.OnTheMap;
				PRODUCT_NAME = "$(TARGET_NAME)";
				SWIFT_VERSION = 5.0;
				TARGETED_DEVICE_FAMILY = "1,2";
			};
			name = Release;
		};
/* End XCBuildConfiguration section */

/* Begin XCConfigurationList section */
		D14E05F1244E351A00413825 /* Build configuration list for PBXProject "OnTheMap" */ = {
			isa = XCConfigurationList;
			buildConfigurations = (
				D14E0608244E351C00413825 /* Debug */,
				D14E0609244E351C00413825 /* Release */,
			);
			defaultConfigurationIsVisible = 0;
			defaultConfigurationName = Release;
		};
		D14E060A244E351C00413825 /* Build configuration list for PBXNativeTarget "OnTheMap" */ = {
			isa = XCConfigurationList;
			buildConfigurations = (
				D14E060B244E351C00413825 /* Debug */,
				D14E060C244E351C00413825 /* Release */,
			);
			defaultConfigurationIsVisible = 0;
			defaultConfigurationName = Release;
		};
/* End XCConfigurationList section */
	};
	rootObject = D14E05EE244E351A00413825 /* Project object */;
}
